
Microsoft Visual Studio Solution File, Format Version 12.00
# Visual Studio 14
VisualStudioVersion = 14.0.25420.1
MinimumVisualStudioVersion = 10.0.40219.1
Project("{FAE04EC0-301F-11D3-BF4B-00C04F79EFBC}") = "VsixAnalyzer", "VsixAnalyzer\VsixAnalyzer\VsixAnalyzer.csproj", "{9CAC3072-29A6-48C1-B621-D15421FA896F}"
EndProject
Project("{FAE04EC0-301F-11D3-BF4B-00C04F79EFBC}") = "VsixAnalyzer.Test", "VsixAnalyzer\VsixAnalyzer.Test\VsixAnalyzer.Test.csproj", "{892FF107-37C3-4823-949C-0E64D47A4FD6}"
EndProject
Project("{FAE04EC0-301F-11D3-BF4B-00C04F79EFBC}") = "VsixAnalyzer.Vsix", "VsixAnalyzer\VsixAnalyzer.Vsix\VsixAnalyzer.Vsix.csproj", "{9994304C-F746-420B-8A0F-CC44129B5D69}"
EndProject
Global
	GlobalSection(SolutionConfigurationPlatforms) = preSolution
		Debug|Any CPU = Debug|Any CPU
		Release|Any CPU = Release|Any CPU
	EndGlobalSection
	GlobalSection(ProjectConfigurationPlatforms) = postSolution
		{9CAC3072-29A6-48C1-B621-D15421FA896F}.Debug|Any CPU.ActiveCfg = Debug|Any CPU
		{9CAC3072-29A6-48C1-B621-D15421FA896F}.Debug|Any CPU.Build.0 = Debug|Any CPU
		{9CAC3072-29A6-48C1-B621-D15421FA896F}.Release|Any CPU.ActiveCfg = Release|Any CPU
		{9CAC3072-29A6-48C1-B621-D15421FA896F}.Release|Any CPU.Build.0 = Release|Any CPU
		{892FF107-37C3-4823-949C-0E64D47A4FD6}.Debug|Any CPU.ActiveCfg = Debug|Any CPU
		{892FF107-37C3-4823-949C-0E64D47A4FD6}.Debug|Any CPU.Build.0 = Debug|Any CPU
		{892FF107-37C3-4823-949C-0E64D47A4FD6}.Release|Any CPU.ActiveCfg = Release|Any CPU
		{892FF107-37C3-4823-949C-0E64D47A4FD6}.Release|Any CPU.Build.0 = Release|Any CPU
		{9994304C-F746-420B-8A0F-CC44129B5D69}.Debug|Any CPU.ActiveCfg = Debug|Any CPU
		{9994304C-F746-420B-8A0F-CC44129B5D69}.Debug|Any CPU.Build.0 = Debug|Any CPU
		{9994304C-F746-420B-8A0F-CC44129B5D69}.Release|Any CPU.ActiveCfg = Release|Any CPU
		{9994304C-F746-420B-8A0F-CC44129B5D69}.Release|Any CPU.Build.0 = Release|Any CPU
	EndGlobalSection
	GlobalSection(SolutionProperties) = preSolution
		HideSolutionNode = FALSE
	EndGlobalSection
EndGlobal
